
Microsoft Visual Studio Solution File, Format Version 12.00
# Visual Studio Version 17
VisualStudioVersion = 17.5.002.0
MinimumVisualStudioVersion = 10.0.40219.1
Project("{9A19103F-16F7-4668-BE54-9A1E7A4F7556}") = "helloWorld", "helloWorld\helloWorld.csproj", "{7E00C5C9-0C0C-486A-B9DF-15252CC045FD}"
EndProject
Global
	GlobalSection(SolutionConfigurationPlatforms) = preSolution
		Debug|Any CPU = Debug|Any CPU
		Release|Any CPU = Release|Any CPU
	EndGlobalSection
	GlobalSection(ProjectConfigurationPlatforms) = postSolution
		{7E00C5C9-0C0C-486A-B9DF-15252CC045FD}.Debug|Any CPU.ActiveCfg = Debug|Any CPU
		{7E00C5C9-0C0C-486A-B9DF-15252CC045FD}.Debug|Any CPU.Build.0 = Debug|Any CPU
		{7E00C5C9-0C0C-486A-B9DF-15252CC045FD}.Release|Any CPU.ActiveCfg = Release|Any CPU
		{7E00C5C9-0C0C-486A-B9DF-15252CC045FD}.Release|Any CPU.Build.0 = Release|Any CPU
	EndGlobalSection
	GlobalSection(SolutionProperties) = preSolution
		HideSolutionNode = FALSE
	EndGlobalSection
	GlobalSection(ExtensibilityGlobals) = postSolution
		SolutionGuid = {0A4583DD-CC7C-4D9C-A945-3A1F4FCEC39F}
	EndGlobalSection
EndGlobal
